// !$*UTF8*$!
{
	archiveVersion = 1;
	classes = {
	};
	objectVersion = 48;
	objects = {

/* Begin PBXBuildFile section */
		5498C5641FFE2D0C00DB1463 /* AppDelegate.swift in Sources */ = {isa = PBXBuildFile; fileRef = 5498C5631FFE2D0C00DB1463 /* AppDelegate.swift */; };
		5498C5661FFE2D0C00DB1463 /* ViewController.swift in Sources */ = {isa = PBXBuildFile; fileRef = 5498C5651FFE2D0C00DB1463 /* ViewController.swift */; };
		5498C5691FFE2D0C00DB1463 /* Main.storyboard in Resources */ = {isa = PBXBuildFile; fileRef = 5498C5671FFE2D0C00DB1463 /* Main.storyboard */; };
		5498C56C1FFE2D0C00DB1463 /* WaiterHelper.xcdatamodeld in Sources */ = {isa = PBXBuildFile; fileRef = 5498C56A1FFE2D0C00DB1463 /* WaiterHelper.xcdatamodeld */; };
		5498C56E1FFE2D0C00DB1463 /* Assets.xcassets in Resources */ = {isa = PBXBuildFile; fileRef = 5498C56D1FFE2D0C00DB1463 /* Assets.xcassets */; };
		5498C5711FFE2D0C00DB1463 /* LaunchScreen.storyboard in Resources */ = {isa = PBXBuildFile; fileRef = 5498C56F1FFE2D0C00DB1463 /* LaunchScreen.storyboard */; };
/* End PBXBuildFile section */

/* Begin PBXFileReference section */
		5498C5601FFE2D0C00DB1463 /* WaiterHelper.app */ = {isa = PBXFileReference; explicitFileType = wrapper.application; includeInIndex = 0; path = WaiterHelper.app; sourceTree = BUILT_PRODUCTS_DIR; };
		5498C5631FFE2D0C00DB1463 /* AppDelegate.swift */ = {isa = PBXFileReference; lastKnownFileType = sourcecode.swift; path = AppDelegate.swift; sourceTree = "<group>"; };
		5498C5651FFE2D0C00DB1463 /* ViewController.swift */ = {isa = PBXFileReference; lastKnownFileType = sourcecode.swift; path = ViewController.swift; sourceTree = "<group>"; };
		5498C5681FFE2D0C00DB1463 /* Base */ = {isa = PBXFileReference; lastKnownFileType = file.storyboard; name = Base; path = Base.lproj/Main.storyboard; sourceTree = "<group>"; };
		5498C56B1FFE2D0C00DB1463 /* WaiterHelper.xcdatamodel */ = {isa = PBXFileReference; lastKnownFileType = wrapper.xcdatamodel; path = WaiterHelper.xcdatamodel; sourceTree = "<group>"; };
		5498C56D1FFE2D0C00DB1463 /* Assets.xcassets */ = {isa = PBXFileReference; lastKnownFileType = folder.assetcatalog; path = Assets.xcassets; sourceTree = "<group>"; };
		5498C5701FFE2D0C00DB1463 /* Base */ = {isa = PBXFileReference; lastKnownFileType = file.storyboard; name = Base; path = Base.lproj/LaunchScreen.storyboard; sourceTree = "<group>"; };
		5498C5721FFE2D0C00DB1463 /* Info.plist */ = {isa = PBXFileReference; lastKnownFileType = text.plist.xml; path = Info.plist; sourceTree = "<group>"; };
/* End PBXFileReference section */

/* Begin PBXFrameworksBuildPhase section */
		5498C55D1FFE2D0C00DB1463 /* Frameworks */ = {
			isa = PBXFrameworksBuildPhase;
			buildActionMask = 2147483647;
			files = (
			);
			runOnlyForDeploymentPostprocessing = 0;
		};
/* End PBXFrameworksBuildPhase section */

/* Begin PBXGroup section */
		5498C5571FFE2D0B00DB1463 = {
			isa = PBXGroup;
			children = (
				5498C5621FFE2D0C00DB1463 /* WaiterHelper */,
				5498C5611FFE2D0C00DB1463 /* Products */,
			);
			sourceTree = "<group>";
		};
		5498C5611FFE2D0C00DB1463 /* Products */ = {
			isa = PBXGroup;
			children = (
				5498C5601FFE2D0C00DB1463 /* WaiterHelper.app */,
			);
			name = Products;
			sourceTree = "<group>";
		};
		5498C5621FFE2D0C00DB1463 /* WaiterHelper */ = {
			isa = PBXGroup;
			children = (
				5498C5631FFE2D0C00DB1463 /* AppDelegate.swift */,
				5498C5651FFE2D0C00DB1463 /* ViewController.swift */,
				5498C5671FFE2D0C00DB1463 /* Main.storyboard */,
				5498C56D1FFE2D0C00DB1463 /* Assets.xcassets */,
				5498C56F1FFE2D0C00DB1463 /* LaunchScreen.storyboard */,
				5498C5721FFE2D0C00DB1463 /* Info.plist */,
				5498C56A1FFE2D0C00DB1463 /* WaiterHelper.xcdatamodeld */,
			);
			path = WaiterHelper;
			sourceTree = "<group>";
		};
/* End PBXGroup section */

/* Begin PBXNativeTarget section */
		5498C55F1FFE2D0C00DB1463 /* WaiterHelper */ = {
			isa = PBXNativeTarget;
			buildConfigurationList = 5498C5751FFE2D0C00DB1463 /* Build configuration list for PBXNativeTarget "WaiterHelper" */;
			buildPhases = (
				5498C55C1FFE2D0C00DB1463 /* Sources */,
				5498C55D1FFE2D0C00DB1463 /* Frameworks */,
				5498C55E1FFE2D0C00DB1463 /* Resources */,
			);
			buildRules = (
			);
			dependencies = (
			);
			name = WaiterHelper;
			productName = WaiterHelper;
			productReference = 5498C5601FFE2D0C00DB1463 /* WaiterHelper.app */;
			productType = "com.apple.product-type.application";
		};
/* End PBXNativeTarget section */

/* Begin PBXProject section */
		5498C5581FFE2D0C00DB1463 /* Project object */ = {
			isa = PBXProject;
			attributes = {
				LastSwiftUpdateCheck = 0920;
				LastUpgradeCheck = 0920;
				ORGANIZATIONNAME = "Slava Stepanov";
				TargetAttributes = {
					5498C55F1FFE2D0C00DB1463 = {
						CreatedOnToolsVersion = 9.2;
						ProvisioningStyle = Automatic;
					};
				};
			};
			buildConfigurationList = 5498C55B1FFE2D0C00DB1463 /* Build configuration list for PBXProject "WaiterHelper" */;
			compatibilityVersion = "Xcode 8.0";
			developmentRegion = en;
			hasScannedForEncodings = 0;
			knownRegions = (
				en,
				Base,
			);
			mainGroup = 5498C5571FFE2D0B00DB1463;
			productRefGroup = 5498C5611FFE2D0C00DB1463 /* Products */;
			projectDirPath = "";
			projectRoot = "";
			targets = (
				5498C55F1FFE2D0C00DB1463 /* WaiterHelper */,
			);
		};
/* End PBXProject section */

/* Begin PBXResourcesBuildPhase section */
		5498C55E1FFE2D0C00DB1463 /* Resources */ = {
			isa = PBXResourcesBuildPhase;
			buildActionMask = 2147483647;
			files = (
				5498C5711FFE2D0C00DB1463 /* LaunchScreen.storyboard in Resources */,
				5498C56E1FFE2D0C00DB1463 /* Assets.xcassets in Resources */,
				5498C5691FFE2D0C00DB1463 /* Main.storyboard in Resources */,
			);
			runOnlyForDeploymentPostprocessing = 0;
		};
/* End PBXResourcesBuildPhase section */

/* Begin PBXSourcesBuildPhase section */
		5498C55C1FFE2D0C00DB1463 /* Sources */ = {
			isa = PBXSourcesBuildPhase;
			buildActionMask = 2147483647;
			files = (
				5498C5661FFE2D0C00DB1463 /* ViewController.swift in Sources */,
				5498C5641FFE2D0C00DB1463 /* AppDelegate.swift in Sources */,
				5498C56C1FFE2D0C00DB1463 /* WaiterHelper.xcdatamodeld in Sources */,
			);
			runOnlyForDeploymentPostprocessing = 0;
		};
/* End PBXSourcesBuildPhase section */

/* Begin PBXVariantGroup section */
		5498C5671FFE2D0C00DB1463 /* Main.storyboard */ = {
			isa = PBXVariantGroup;
			children = (
				5498C5681FFE2D0C00DB1463 /* Base */,
			);
			name = Main.storyboard;
			sourceTree = "<group>";
		};
		5498C56F1FFE2D0C00DB1463 /* LaunchScreen.storyboard */ = {
			isa = PBXVariantGroup;
			children = (
				5498C5701FFE2D0C00DB1463 /* Base */,
			);
			name = LaunchScreen.storyboard;
			sourceTree = "<group>";
		};
/* End PBXVariantGroup section */

/* Begin XCBuildConfiguration section */
		5498C5731FFE2D0C00DB1463 /* Debug */ = {
			isa = XCBuildConfiguration;
			buildSettings = {
				ALWAYS_SEARCH_USER_PATHS = NO;
				CLANG_ANALYZER_NONNULL = YES;
				CLANG_ANALYZER_NUMBER_OBJECT_CONVERSION = YES_AGGRESSIVE;
				CLANG_CXX_LANGUAGE_STANDARD = "gnu++14";
				CLANG_CXX_LIBRARY = "libc++";
				CLANG_ENABLE_MODULES = YES;
				CLANG_ENABLE_OBJC_ARC = YES;
				CLANG_WARN_BLOCK_CAPTURE_AUTORELEASING = YES;
				CLANG_WARN_BOOL_CONVERSION = YES;
				CLANG_WARN_COMMA = YES;
				CLANG_WARN_CONSTANT_CONVERSION = YES;
				CLANG_WARN_DIRECT_OBJC_ISA_USAGE = YES_ERROR;
				CLANG_WARN_DOCUMENTATION_COMMENTS = YES;
				CLANG_WARN_EMPTY_BODY = YES;
				CLANG_WARN_ENUM_CONVERSION = YES;
				CLANG_WARN_INFINITE_RECURSION = YES;
				CLANG_WARN_INT_CONVERSION = YES;
				CLANG_WARN_NON_LITERAL_NULL_CONVERSION = YES;
				CLANG_WARN_OBJC_LITERAL_CONVERSION = YES;
				CLANG_WARN_OBJC_ROOT_CLASS = YES_ERROR;
				CLANG_WARN_RANGE_LOOP_ANALYSIS = YES;
				CLANG_WARN_STRICT_PROTOTYPES = YES;
				CLANG_WARN_SUSPICIOUS_MOVE = YES;
				CLANG_WARN_UNGUARDED_AVAILABILITY = YES_AGGRESSIVE;
				CLANG_WARN_UNREACHABLE_CODE = YES;
				CLANG_WARN__DUPLICATE_METHOD_MATCH = YES;
				CODE_SIGN_IDENTITY = "iPhone Developer";
				COPY_PHASE_STRIP = NO;
				DEBUG_INFORMATION_FORMAT = dwarf;
				ENABLE_STRICT_OBJC_MSGSEND = YES;
				ENABLE_TESTABILITY = YES;
				GCC_C_LANGUAGE_STANDARD = gnu11;
				GCC_DYNAMIC_NO_PIC = NO;
				GCC_NO_COMMON_BLOCKS = YES;
				GCC_OPTIMIZATION_LEVEL = 0;
				GCC_PREPROCESSOR_DEFINITIONS = (
					"DEBUG=1",
					"$(inherited)",
				);
				GCC_WARN_64_TO_32_BIT_CONVERSION = YES;
				GCC_WARN_ABOUT_RETURN_TYPE = YES_ERROR;
				GCC_WARN_UNDECLARED_SELECTOR = YES;
				GCC_WARN_UNINITIALIZED_AUTOS = YES_AGGRESSIVE;
				GCC_WARN_UNUSED_FUNCTION = YES;
				GCC_WARN_UNUSED_VARIABLE = YES;
				IPHONEOS_DEPLOYMENT_TARGET = 11.2;
				MTL_ENABLE_DEBUG_INFO = YES;
				ONLY_ACTIVE_ARCH = YES;
				SDKROOT = iphoneos;
				SWIFT_ACTIVE_COMPILATION_CONDITIONS = DEBUG;
				SWIFT_OPTIMIZATION_LEVEL = "-Onone";
			};
			name = Debug;
		};
		5498C5741FFE2D0C00DB1463 /* Release */ = {
			isa = XCBuildConfiguration;
			buildSettings = {
				ALWAYS_SEARCH_USER_PATHS = NO;
				CLANG_ANALYZER_NONNULL = YES;
				CLANG_ANALYZER_NUMBER_OBJECT_CONVERSION = YES_AGGRESSIVE;
				CLANG_CXX_LANGUAGE_STANDARD = "gnu++14";
				CLANG_CXX_LIBRARY = "libc++";
				CLANG_ENABLE_MODULES = YES;
				CLANG_ENABLE_OBJC_ARC = YES;
				CLANG_WARN_BLOCK_CAPTURE_AUTORELEASING = YES;
				CLANG_WARN_BOOL_CONVERSION = YES;
				CLANG_WARN_COMMA = YES;
				CLANG_WARN_CONSTANT_CONVERSION = YES;
				CLANG_WARN_DIRECT_OBJC_ISA_USAGE = YES_ERROR;
				CLANG_WARN_DOCUMENTATION_COMMENTS = YES;
				CLANG_WARN_EMPTY_BODY = YES;
				CLANG_WARN_ENUM_CONVERSION = YES;
				CLANG_WARN_INFINITE_RECURSION = YES;
				CLANG_WARN_INT_CONVERSION = YES;
				CLANG_WARN_NON_LITERAL_NULL_CONVERSION = YES;
				CLANG_WARN_OBJC_LITERAL_CONVERSION = YES;
				CLANG_WARN_OBJC_ROOT_CLASS = YES_ERROR;
				CLANG_WARN_RANGE_LOOP_ANALYSIS = YES;
				CLANG_WARN_STRICT_PROTOTYPES = YES;
				CLANG_WARN_SUSPICIOUS_MOVE = YES;
				CLANG_WARN_UNGUARDED_AVAILABILITY = YES_AGGRESSIVE;
				CLANG_WARN_UNREACHABLE_CODE = YES;
				CLANG_WARN__DUPLICATE_METHOD_MATCH = YES;
				CODE_SIGN_IDENTITY = "iPhone Developer";
				COPY_PHASE_STRIP = NO;
				DEBUG_INFORMATION_FORMAT = "dwarf-with-dsym";
				ENABLE_NS_ASSERTIONS = NO;
				ENABLE_STRICT_OBJC_MSGSEND = YES;
				GCC_C_LANGUAGE_STANDARD = gnu11;
				GCC_NO_COMMON_BLOCKS = YES;
				GCC_WARN_64_TO_32_BIT_CONVERSION = YES;
				GCC_WARN_ABOUT_RETURN_TYPE = YES_ERROR;
				GCC_WARN_UNDECLARED_SELECTOR = YES;
				GCC_WARN_UNINITIALIZED_AUTOS = YES_AGGRESSIVE;
				GCC_WARN_UNUSED_FUNCTION = YES;
				GCC_WARN_UNUSED_VARIABLE = YES;
				IPHONEOS_DEPLOYMENT_TARGET = 11.2;
				MTL_ENABLE_DEBUG_INFO = NO;
				SDKROOT = iphoneos;
				SWIFT_OPTIMIZATION_LEVEL = "-Owholemodule";
				VALIDATE_PRODUCT = YES;
			};
			name = Release;
		};
		5498C5761FFE2D0C00DB1463 /* Debug */ = {
			isa = XCBuildConfiguration;
			buildSettings = {
				ASSETCATALOG_COMPILER_APPICON_NAME = AppIcon;
				CODE_SIGN_STYLE = Automatic;
				INFOPLIST_FILE = WaiterHelper/Info.plist;
				LD_RUNPATH_SEARCH_PATHS = "$(inherited) @executable_path/Frameworks";
				PRODUCT_BUNDLE_IDENTIFIER = com.SlavaStepanov.WaiterHelper;
				PRODUCT_NAME = "$(TARGET_NAME)";
				SWIFT_VERSION = 4.0;
				TARGETED_DEVICE_FAMILY = 2;
			};
			name = Debug;
		};
		5498C5771FFE2D0C00DB1463 /* Release */ = {
			isa = XCBuildConfiguration;
			buildSettings = {
				ASSETCATALOG_COMPILER_APPICON_NAME = AppIcon;
				CODE_SIGN_STYLE = Automatic;
				INFOPLIST_FILE = WaiterHelper/Info.plist;
				LD_RUNPATH_SEARCH_PATHS = "$(inherited) @executable_path/Frameworks";
				PRODUCT_BUNDLE_IDENTIFIER = com.SlavaStepanov.WaiterHelper;
				PRODUCT_NAME = "$(TARGET_NAME)";
				SWIFT_VERSION = 4.0;
				TARGETED_DEVICE_FAMILY = 2;
			};
			name = Release;
		};
/* End XCBuildConfiguration section */

/* Begin XCConfigurationList section */
		5498C55B1FFE2D0C00DB1463 /* Build configuration list for PBXProject "WaiterHelper" */ = {
			isa = XCConfigurationList;
			buildConfigurations = (
				5498C5731FFE2D0C00DB1463 /* Debug */,
				5498C5741FFE2D0C00DB1463 /* Release */,
			);
			defaultConfigurationIsVisible = 0;
			defaultConfigurationName = Release;
		};
		5498C5751FFE2D0C00DB1463 /* Build configuration list for PBXNativeTarget "WaiterHelper" */ = {
			isa = XCConfigurationList;
			buildConfigurations = (
				5498C5761FFE2D0C00DB1463 /* Debug */,
				5498C5771FFE2D0C00DB1463 /* Release */,
			);
			defaultConfigurationIsVisible = 0;
			defaultConfigurationName = Release;
		};
/* End XCConfigurationList section */

/* Begin XCVersionGroup section */
		5498C56A1FFE2D0C00DB1463 /* WaiterHelper.xcdatamodeld */ = {
			isa = XCVersionGroup;
			children = (
				5498C56B1FFE2D0C00DB1463 /* WaiterHelper.xcdatamodel */,
			);
			currentVersion = 5498C56B1FFE2D0C00DB1463 /* WaiterHelper.xcdatamodel */;
			path = WaiterHelper.xcdatamodeld;
			sourceTree = "<group>";
			versionGroupType = wrapper.xcdatamodel;
		};
/* End XCVersionGroup section */
	};
	rootObject = 5498C5581FFE2D0C00DB1463 /* Project object */;
}
